
Microsoft Visual Studio Solution File, Format Version 12.00
# Visual Studio Version 17
VisualStudioVersion = 17.14.36429.23 d17.14
MinimumVisualStudioVersion = 10.0.40219.1
Project("{FAE04EC0-301F-11D3-BF4B-00C04F79EFBC}") = "Lab08", "Lab08.csproj", "{4BC844C5-214B-4BBF-A348-B6053E7C8737}"
EndProject
Global
	GlobalSection(SolutionConfigurationPlatforms) = preSolution
		Debug|Any CPU = Debug|Any CPU
		Release|Any CPU = Release|Any CPU
	EndGlobalSection
	GlobalSection(ProjectConfigurationPlatforms) = postSolution
		{4BC844C5-214B-4BBF-A348-B6053E7C8737}.Debug|Any CPU.ActiveCfg = Debug|Any CPU
		{4BC844C5-214B-4BBF-A348-B6053E7C8737}.Debug|Any CPU.Build.0 = Debug|Any CPU
		{4BC844C5-214B-4BBF-A348-B6053E7C8737}.Release|Any CPU.ActiveCfg = Release|Any CPU
		{4BC844C5-214B-4BBF-A348-B6053E7C8737}.Release|Any CPU.Build.0 = Release|Any CPU
	EndGlobalSection
	GlobalSection(SolutionProperties) = preSolution
		HideSolutionNode = FALSE
	EndGlobalSection
	GlobalSection(ExtensibilityGlobals) = postSolution
		SolutionGuid = {83744604-FAB0-48DC-AB5E-493D629461C7}
	EndGlobalSection
EndGlobal
